// !$*UTF8*$!
{
	archiveVersion = 1;
	classes = {
	};
	objectVersion = 55;
	objects = {

/* Begin PBXBuildFile section */
		D784D0D2284B627400D65BE3 /* FeaturedTabView.swift in Sources */ = {isa = PBXBuildFile; fileRef = D784D0D1284B627400D65BE3 /* FeaturedTabView.swift */; };
		D784D0D4284B673300D65BE3 /* CategoryModel.swift in Sources */ = {isa = PBXBuildFile; fileRef = D784D0D3284B673300D65BE3 /* CategoryModel.swift */; };
		D784D0D6284B67FC00D65BE3 /* CategoryItemView.swift in Sources */ = {isa = PBXBuildFile; fileRef = D784D0D5284B67FC00D65BE3 /* CategoryItemView.swift */; };
		D784D0D8284B6A6E00D65BE3 /* CategoryGridView.swift in Sources */ = {isa = PBXBuildFile; fileRef = D784D0D7284B6A6E00D65BE3 /* CategoryGridView.swift */; };
		D784D0DA284B6BBF00D65BE3 /* SectionView.swift in Sources */ = {isa = PBXBuildFile; fileRef = D784D0D9284B6BBF00D65BE3 /* SectionView.swift */; };
		D784D0DC284B6DA200D65BE3 /* TitleView.swift in Sources */ = {isa = PBXBuildFile; fileRef = D784D0DB284B6DA200D65BE3 /* TitleView.swift */; };
		D784D0DE284B6E9100D65BE3 /* ProductModel.swift in Sources */ = {isa = PBXBuildFile; fileRef = D784D0DD284B6E9100D65BE3 /* ProductModel.swift */; };
		D784D0E0284B6EF400D65BE3 /* ProductItemView.swift in Sources */ = {isa = PBXBuildFile; fileRef = D784D0DF284B6EF400D65BE3 /* ProductItemView.swift */; };
		D7990A2C284BA18B0003BEF4 /* BrandModel.swift in Sources */ = {isa = PBXBuildFile; fileRef = D7990A2B284BA18B0003BEF4 /* BrandModel.swift */; };
		D7990A2E284BA1DF0003BEF4 /* BrandItemView.swift in Sources */ = {isa = PBXBuildFile; fileRef = D7990A2D284BA1DF0003BEF4 /* BrandItemView.swift */; };
		D7990A30284BA3080003BEF4 /* BrandGridView.swift in Sources */ = {isa = PBXBuildFile; fileRef = D7990A2F284BA3080003BEF4 /* BrandGridView.swift */; };
		D799547C284B4DEC00BE4D39 /* TouchdownApp.swift in Sources */ = {isa = PBXBuildFile; fileRef = D799547B284B4DEC00BE4D39 /* TouchdownApp.swift */; };
		D799547E284B4DEC00BE4D39 /* ContentView.swift in Sources */ = {isa = PBXBuildFile; fileRef = D799547D284B4DEC00BE4D39 /* ContentView.swift */; };
		D7995480284B4DEE00BE4D39 /* Assets.xcassets in Resources */ = {isa = PBXBuildFile; fileRef = D799547F284B4DEE00BE4D39 /* Assets.xcassets */; };
		D7995483284B4DEE00BE4D39 /* Preview Assets.xcassets in Resources */ = {isa = PBXBuildFile; fileRef = D7995482284B4DEE00BE4D39 /* Preview Assets.xcassets */; };
		D799548E284B4EED00BE4D39 /* product.json in Resources */ = {isa = PBXBuildFile; fileRef = D799548A284B4EED00BE4D39 /* product.json */; };
		D799548F284B4EED00BE4D39 /* brand.json in Resources */ = {isa = PBXBuildFile; fileRef = D799548B284B4EED00BE4D39 /* brand.json */; };
		D7995490284B4EED00BE4D39 /* category.json in Resources */ = {isa = PBXBuildFile; fileRef = D799548C284B4EED00BE4D39 /* category.json */; };
		D7995491284B4EED00BE4D39 /* player.json in Resources */ = {isa = PBXBuildFile; fileRef = D799548D284B4EED00BE4D39 /* player.json */; };
		D799549B284B507100BE4D39 /* Constant.swift in Sources */ = {isa = PBXBuildFile; fileRef = D799549A284B507100BE4D39 /* Constant.swift */; };
		D799549D284B511E00BE4D39 /* FooterView.swift in Sources */ = {isa = PBXBuildFile; fileRef = D799549C284B511E00BE4D39 /* FooterView.swift */; };
		D799549F284B53B100BE4D39 /* NavigationBarView.swift in Sources */ = {isa = PBXBuildFile; fileRef = D799549E284B53B100BE4D39 /* NavigationBarView.swift */; };
		D79954A1284B54B900BE4D39 /* LogoView.swift in Sources */ = {isa = PBXBuildFile; fileRef = D79954A0284B54B900BE4D39 /* LogoView.swift */; };
		D79954A3284B5E4D00BE4D39 /* PlayerModel.swift in Sources */ = {isa = PBXBuildFile; fileRef = D79954A2284B5E4D00BE4D39 /* PlayerModel.swift */; };
		D79954A5284B5E8500BE4D39 /* CodableBundleExtension.swift in Sources */ = {isa = PBXBuildFile; fileRef = D79954A4284B5E8500BE4D39 /* CodableBundleExtension.swift */; };
		D79954A7284B5F8400BE4D39 /* FeaturedItemView.swift in Sources */ = {isa = PBXBuildFile; fileRef = D79954A6284B5F8400BE4D39 /* FeaturedItemView.swift */; };
/* End PBXBuildFile section */

/* Begin PBXFileReference section */
		D784D0D1284B627400D65BE3 /* FeaturedTabView.swift */ = {isa = PBXFileReference; lastKnownFileType = sourcecode.swift; path = FeaturedTabView.swift; sourceTree = "<group>"; };
		D784D0D3284B673300D65BE3 /* CategoryModel.swift */ = {isa = PBXFileReference; lastKnownFileType = sourcecode.swift; path = CategoryModel.swift; sourceTree = "<group>"; };
		D784D0D5284B67FC00D65BE3 /* CategoryItemView.swift */ = {isa = PBXFileReference; lastKnownFileType = sourcecode.swift; path = CategoryItemView.swift; sourceTree = "<group>"; };
		D784D0D7284B6A6E00D65BE3 /* CategoryGridView.swift */ = {isa = PBXFileReference; lastKnownFileType = sourcecode.swift; path = CategoryGridView.swift; sourceTree = "<group>"; };
		D784D0D9284B6BBF00D65BE3 /* SectionView.swift */ = {isa = PBXFileReference; lastKnownFileType = sourcecode.swift; path = SectionView.swift; sourceTree = "<group>"; };
		D784D0DB284B6DA200D65BE3 /* TitleView.swift */ = {isa = PBXFileReference; lastKnownFileType = sourcecode.swift; path = TitleView.swift; sourceTree = "<group>"; };
		D784D0DD284B6E9100D65BE3 /* ProductModel.swift */ = {isa = PBXFileReference; lastKnownFileType = sourcecode.swift; path = ProductModel.swift; sourceTree = "<group>"; };
		D784D0DF284B6EF400D65BE3 /* ProductItemView.swift */ = {isa = PBXFileReference; lastKnownFileType = sourcecode.swift; path = ProductItemView.swift; sourceTree = "<group>"; };
		D7990A2B284BA18B0003BEF4 /* BrandModel.swift */ = {isa = PBXFileReference; lastKnownFileType = sourcecode.swift; path = BrandModel.swift; sourceTree = "<group>"; };
		D7990A2D284BA1DF0003BEF4 /* BrandItemView.swift */ = {isa = PBXFileReference; lastKnownFileType = sourcecode.swift; path = BrandItemView.swift; sourceTree = "<group>"; };
		D7990A2F284BA3080003BEF4 /* BrandGridView.swift */ = {isa = PBXFileReference; lastKnownFileType = sourcecode.swift; path = BrandGridView.swift; sourceTree = "<group>"; };
		D7995478284B4DEC00BE4D39 /* Touchdown.app */ = {isa = PBXFileReference; explicitFileType = wrapper.application; includeInIndex = 0; path = Touchdown.app; sourceTree = BUILT_PRODUCTS_DIR; };
		D799547B284B4DEC00BE4D39 /* TouchdownApp.swift */ = {isa = PBXFileReference; lastKnownFileType = sourcecode.swift; path = TouchdownApp.swift; sourceTree = "<group>"; };
		D799547D284B4DEC00BE4D39 /* ContentView.swift */ = {isa = PBXFileReference; lastKnownFileType = sourcecode.swift; path = ContentView.swift; sourceTree = "<group>"; };
		D799547F284B4DEE00BE4D39 /* Assets.xcassets */ = {isa = PBXFileReference; lastKnownFileType = folder.assetcatalog; path = Assets.xcassets; sourceTree = "<group>"; };
		D7995482284B4DEE00BE4D39 /* Preview Assets.xcassets */ = {isa = PBXFileReference; lastKnownFileType = folder.assetcatalog; path = "Preview Assets.xcassets"; sourceTree = "<group>"; };
		D799548A284B4EED00BE4D39 /* product.json */ = {isa = PBXFileReference; fileEncoding = 4; lastKnownFileType = text.json; path = product.json; sourceTree = "<group>"; };
		D799548B284B4EED00BE4D39 /* brand.json */ = {isa = PBXFileReference; fileEncoding = 4; lastKnownFileType = text.json; path = brand.json; sourceTree = "<group>"; };
		D799548C284B4EED00BE4D39 /* category.json */ = {isa = PBXFileReference; fileEncoding = 4; lastKnownFileType = text.json; path = category.json; sourceTree = "<group>"; };
		D799548D284B4EED00BE4D39 /* player.json */ = {isa = PBXFileReference; fileEncoding = 4; lastKnownFileType = text.json; path = player.json; sourceTree = "<group>"; };
		D7995492284B4F3000BE4D39 /* Info.plist */ = {isa = PBXFileReference; lastKnownFileType = text.plist; path = Info.plist; sourceTree = "<group>"; };
		D799549A284B507100BE4D39 /* Constant.swift */ = {isa = PBXFileReference; lastKnownFileType = sourcecode.swift; path = Constant.swift; sourceTree = "<group>"; };
		D799549C284B511E00BE4D39 /* FooterView.swift */ = {isa = PBXFileReference; lastKnownFileType = sourcecode.swift; path = FooterView.swift; sourceTree = "<group>"; };
		D799549E284B53B100BE4D39 /* NavigationBarView.swift */ = {isa = PBXFileReference; lastKnownFileType = sourcecode.swift; path = NavigationBarView.swift; sourceTree = "<group>"; };
		D79954A0284B54B900BE4D39 /* LogoView.swift */ = {isa = PBXFileReference; lastKnownFileType = sourcecode.swift; path = LogoView.swift; sourceTree = "<group>"; };
		D79954A2284B5E4D00BE4D39 /* PlayerModel.swift */ = {isa = PBXFileReference; lastKnownFileType = sourcecode.swift; path = PlayerModel.swift; sourceTree = "<group>"; };
		D79954A4284B5E8500BE4D39 /* CodableBundleExtension.swift */ = {isa = PBXFileReference; lastKnownFileType = sourcecode.swift; path = CodableBundleExtension.swift; sourceTree = "<group>"; };
		D79954A6284B5F8400BE4D39 /* FeaturedItemView.swift */ = {isa = PBXFileReference; lastKnownFileType = sourcecode.swift; path = FeaturedItemView.swift; sourceTree = "<group>"; };
/* End PBXFileReference section */

/* Begin PBXFrameworksBuildPhase section */
		D7995475284B4DEC00BE4D39 /* Frameworks */ = {
			isa = PBXFrameworksBuildPhase;
			buildActionMask = 2147483647;
			files = (
			);
			runOnlyForDeploymentPostprocessing = 0;
		};
/* End PBXFrameworksBuildPhase section */

/* Begin PBXGroup section */
		D799546F284B4DEC00BE4D39 = {
			isa = PBXGroup;
			children = (
				D799547A284B4DEC00BE4D39 /* Touchdown */,
				D7995479284B4DEC00BE4D39 /* Products */,
			);
			sourceTree = "<group>";
		};
		D7995479284B4DEC00BE4D39 /* Products */ = {
			isa = PBXGroup;
			children = (
				D7995478284B4DEC00BE4D39 /* Touchdown.app */,
			);
			name = Products;
			sourceTree = "<group>";
		};
		D799547A284B4DEC00BE4D39 /* Touchdown */ = {
			isa = PBXGroup;
			children = (
				D7995493284B4FEF00BE4D39 /* App */,
				D7995494284B4FF900BE4D39 /* View */,
				D7995489284B4EC500BE4D39 /* Data */,
				D7995495284B502200BE4D39 /* Model */,
				D7995497284B503400BE4D39 /* Utility */,
				D7995496284B502C00BE4D39 /* Extension */,
				D7995492284B4F3000BE4D39 /* Info.plist */,
				D799547F284B4DEE00BE4D39 /* Assets.xcassets */,
				D7995481284B4DEE00BE4D39 /* Preview Content */,
			);
			path = Touchdown;
			sourceTree = "<group>";
		};
		D7995481284B4DEE00BE4D39 /* Preview Content */ = {
			isa = PBXGroup;
			children = (
				D7995482284B4DEE00BE4D39 /* Preview Assets.xcassets */,
			);
			path = "Preview Content";
			sourceTree = "<group>";
		};
		D7995489284B4EC500BE4D39 /* Data */ = {
			isa = PBXGroup;
			children = (
				D799548B284B4EED00BE4D39 /* brand.json */,
				D799548C284B4EED00BE4D39 /* category.json */,
				D799548D284B4EED00BE4D39 /* player.json */,
				D799548A284B4EED00BE4D39 /* product.json */,
			);
			path = Data;
			sourceTree = "<group>";
		};
		D7995493284B4FEF00BE4D39 /* App */ = {
			isa = PBXGroup;
			children = (
				D799547B284B4DEC00BE4D39 /* TouchdownApp.swift */,
				D799547D284B4DEC00BE4D39 /* ContentView.swift */,
			);
			path = App;
			sourceTree = "<group>";
		};
		D7995494284B4FF900BE4D39 /* View */ = {
			isa = PBXGroup;
			children = (
				D7995499284B504300BE4D39 /* Home */,
				D7995498284B503C00BE4D39 /* Detail */,
			);
			path = View;
			sourceTree = "<group>";
		};
		D7995495284B502200BE4D39 /* Model */ = {
			isa = PBXGroup;
			children = (
				D79954A2284B5E4D00BE4D39 /* PlayerModel.swift */,
				D784D0D3284B673300D65BE3 /* CategoryModel.swift */,
				D784D0DD284B6E9100D65BE3 /* ProductModel.swift */,
				D7990A2B284BA18B0003BEF4 /* BrandModel.swift */,
			);
			path = Model;
			sourceTree = "<group>";
		};
		D7995496284B502C00BE4D39 /* Extension */ = {
			isa = PBXGroup;
			children = (
				D79954A4284B5E8500BE4D39 /* CodableBundleExtension.swift */,
			);
			path = Extension;
			sourceTree = "<group>";
		};
		D7995497284B503400BE4D39 /* Utility */ = {
			isa = PBXGroup;
			children = (
				D799549A284B507100BE4D39 /* Constant.swift */,
			);
			path = Utility;
			sourceTree = "<group>";
		};
		D7995498284B503C00BE4D39 /* Detail */ = {
			isa = PBXGroup;
			children = (
			);
			path = Detail;
			sourceTree = "<group>";
		};
		D7995499284B504300BE4D39 /* Home */ = {
			isa = PBXGroup;
			children = (
				D799549C284B511E00BE4D39 /* FooterView.swift */,
				D799549E284B53B100BE4D39 /* NavigationBarView.swift */,
				D79954A0284B54B900BE4D39 /* LogoView.swift */,
				D79954A6284B5F8400BE4D39 /* FeaturedItemView.swift */,
				D784D0D1284B627400D65BE3 /* FeaturedTabView.swift */,
				D784D0D5284B67FC00D65BE3 /* CategoryItemView.swift */,
				D784D0D7284B6A6E00D65BE3 /* CategoryGridView.swift */,
				D784D0D9284B6BBF00D65BE3 /* SectionView.swift */,
				D784D0DB284B6DA200D65BE3 /* TitleView.swift */,
				D784D0DF284B6EF400D65BE3 /* ProductItemView.swift */,
				D7990A2D284BA1DF0003BEF4 /* BrandItemView.swift */,
				D7990A2F284BA3080003BEF4 /* BrandGridView.swift */,
			);
			path = Home;
			sourceTree = "<group>";
		};
/* End PBXGroup section */

/* Begin PBXNativeTarget section */
		D7995477284B4DEC00BE4D39 /* Touchdown */ = {
			isa = PBXNativeTarget;
			buildConfigurationList = D7995486284B4DEE00BE4D39 /* Build configuration list for PBXNativeTarget "Touchdown" */;
			buildPhases = (
				D7995474284B4DEC00BE4D39 /* Sources */,
				D7995475284B4DEC00BE4D39 /* Frameworks */,
				D7995476284B4DEC00BE4D39 /* Resources */,
			);
			buildRules = (
			);
			dependencies = (
			);
			name = Touchdown;
			productName = Touchdown;
			productReference = D7995478284B4DEC00BE4D39 /* Touchdown.app */;
			productType = "com.apple.product-type.application";
		};
/* End PBXNativeTarget section */

/* Begin PBXProject section */
		D7995470284B4DEC00BE4D39 /* Project object */ = {
			isa = PBXProject;
			attributes = {
				BuildIndependentTargetsInParallel = 1;
				LastSwiftUpdateCheck = 1320;
				LastUpgradeCheck = 1320;
				TargetAttributes = {
					D7995477284B4DEC00BE4D39 = {
						CreatedOnToolsVersion = 13.2.1;
					};
				};
			};
			buildConfigurationList = D7995473284B4DEC00BE4D39 /* Build configuration list for PBXProject "Touchdown" */;
			compatibilityVersion = "Xcode 13.0";
			developmentRegion = en;
			hasScannedForEncodings = 0;
			knownRegions = (
				en,
				Base,
			);
			mainGroup = D799546F284B4DEC00BE4D39;
			productRefGroup = D7995479284B4DEC00BE4D39 /* Products */;
			projectDirPath = "";
			projectRoot = "";
			targets = (
				D7995477284B4DEC00BE4D39 /* Touchdown */,
			);
		};
/* End PBXProject section */

/* Begin PBXResourcesBuildPhase section */
		D7995476284B4DEC00BE4D39 /* Resources */ = {
			isa = PBXResourcesBuildPhase;
			buildActionMask = 2147483647;
			files = (
				D7995491284B4EED00BE4D39 /* player.json in Resources */,
				D7995483284B4DEE00BE4D39 /* Preview Assets.xcassets in Resources */,
				D799548F284B4EED00BE4D39 /* brand.json in Resources */,
				D7995490284B4EED00BE4D39 /* category.json in Resources */,
				D7995480284B4DEE00BE4D39 /* Assets.xcassets in Resources */,
				D799548E284B4EED00BE4D39 /* product.json in Resources */,
			);
			runOnlyForDeploymentPostprocessing = 0;
		};
/* End PBXResourcesBuildPhase section */

/* Begin PBXSourcesBuildPhase section */
		D7995474284B4DEC00BE4D39 /* Sources */ = {
			isa = PBXSourcesBuildPhase;
			buildActionMask = 2147483647;
			files = (
				D79954A5284B5E8500BE4D39 /* CodableBundleExtension.swift in Sources */,
				D799547E284B4DEC00BE4D39 /* ContentView.swift in Sources */,
				D79954A1284B54B900BE4D39 /* LogoView.swift in Sources */,
				D799549D284B511E00BE4D39 /* FooterView.swift in Sources */,
				D79954A7284B5F8400BE4D39 /* FeaturedItemView.swift in Sources */,
				D784D0E0284B6EF400D65BE3 /* ProductItemView.swift in Sources */,
				D7990A30284BA3080003BEF4 /* BrandGridView.swift in Sources */,
				D799547C284B4DEC00BE4D39 /* TouchdownApp.swift in Sources */,
				D799549B284B507100BE4D39 /* Constant.swift in Sources */,
				D784D0D8284B6A6E00D65BE3 /* CategoryGridView.swift in Sources */,
				D784D0D4284B673300D65BE3 /* CategoryModel.swift in Sources */,
				D799549F284B53B100BE4D39 /* NavigationBarView.swift in Sources */,
				D784D0DA284B6BBF00D65BE3 /* SectionView.swift in Sources */,
				D7990A2E284BA1DF0003BEF4 /* BrandItemView.swift in Sources */,
				D784D0D6284B67FC00D65BE3 /* CategoryItemView.swift in Sources */,
				D784D0D2284B627400D65BE3 /* FeaturedTabView.swift in Sources */,
				D79954A3284B5E4D00BE4D39 /* PlayerModel.swift in Sources */,
				D7990A2C284BA18B0003BEF4 /* BrandModel.swift in Sources */,
				D784D0DC284B6DA200D65BE3 /* TitleView.swift in Sources */,
				D784D0DE284B6E9100D65BE3 /* ProductModel.swift in Sources */,
			);
			runOnlyForDeploymentPostprocessing = 0;
		};
/* End PBXSourcesBuildPhase section */

/* Begin XCBuildConfiguration section */
		D7995484284B4DEE00BE4D39 /* Debug */ = {
			isa = XCBuildConfiguration;
			buildSettings = {
				ALWAYS_SEARCH_USER_PATHS = NO;
				CLANG_ANALYZER_NONNULL = YES;
				CLANG_ANALYZER_NUMBER_OBJECT_CONVERSION = YES_AGGRESSIVE;
				CLANG_CXX_LANGUAGE_STANDARD = "gnu++17";
				CLANG_CXX_LIBRARY = "libc++";
				CLANG_ENABLE_MODULES = YES;
				CLANG_ENABLE_OBJC_ARC = YES;
				CLANG_ENABLE_OBJC_WEAK = YES;
				CLANG_WARN_BLOCK_CAPTURE_AUTORELEASING = YES;
				CLANG_WARN_BOOL_CONVERSION = YES;
				CLANG_WARN_COMMA = YES;
				CLANG_WARN_CONSTANT_CONVERSION = YES;
				CLANG_WARN_DEPRECATED_OBJC_IMPLEMENTATIONS = YES;
				CLANG_WARN_DIRECT_OBJC_ISA_USAGE = YES_ERROR;
				CLANG_WARN_DOCUMENTATION_COMMENTS = YES;
				CLANG_WARN_EMPTY_BODY = YES;
				CLANG_WARN_ENUM_CONVERSION = YES;
				CLANG_WARN_INFINITE_RECURSION = YES;
				CLANG_WARN_INT_CONVERSION = YES;
				CLANG_WARN_NON_LITERAL_NULL_CONVERSION = YES;
				CLANG_WARN_OBJC_IMPLICIT_RETAIN_SELF = YES;
				CLANG_WARN_OBJC_LITERAL_CONVERSION = YES;
				CLANG_WARN_OBJC_ROOT_CLASS = YES_ERROR;
				CLANG_WARN_QUOTED_INCLUDE_IN_FRAMEWORK_HEADER = YES;
				CLANG_WARN_RANGE_LOOP_ANALYSIS = YES;
				CLANG_WARN_STRICT_PROTOTYPES = YES;
				CLANG_WARN_SUSPICIOUS_MOVE = YES;
				CLANG_WARN_UNGUARDED_AVAILABILITY = YES_AGGRESSIVE;
				CLANG_WARN_UNREACHABLE_CODE = YES;
				CLANG_WARN__DUPLICATE_METHOD_MATCH = YES;
				COPY_PHASE_STRIP = NO;
				DEBUG_INFORMATION_FORMAT = dwarf;
				ENABLE_STRICT_OBJC_MSGSEND = YES;
				ENABLE_TESTABILITY = YES;
				GCC_C_LANGUAGE_STANDARD = gnu11;
				GCC_DYNAMIC_NO_PIC = NO;
				GCC_NO_COMMON_BLOCKS = YES;
				GCC_OPTIMIZATION_LEVEL = 0;
				GCC_PREPROCESSOR_DEFINITIONS = (
					"DEBUG=1",
					"$(inherited)",
				);
				GCC_WARN_64_TO_32_BIT_CONVERSION = YES;
				GCC_WARN_ABOUT_RETURN_TYPE = YES_ERROR;
				GCC_WARN_UNDECLARED_SELECTOR = YES;
				GCC_WARN_UNINITIALIZED_AUTOS = YES_AGGRESSIVE;
				GCC_WARN_UNUSED_FUNCTION = YES;
				GCC_WARN_UNUSED_VARIABLE = YES;
				IPHONEOS_DEPLOYMENT_TARGET = 15.2;
				MTL_ENABLE_DEBUG_INFO = INCLUDE_SOURCE;
				MTL_FAST_MATH = YES;
				ONLY_ACTIVE_ARCH = YES;
				SDKROOT = iphoneos;
				SWIFT_ACTIVE_COMPILATION_CONDITIONS = DEBUG;
				SWIFT_OPTIMIZATION_LEVEL = "-Onone";
			};
			name = Debug;
		};
		D7995485284B4DEE00BE4D39 /* Release */ = {
			isa = XCBuildConfiguration;
			buildSettings = {
				ALWAYS_SEARCH_USER_PATHS = NO;
				CLANG_ANALYZER_NONNULL = YES;
				CLANG_ANALYZER_NUMBER_OBJECT_CONVERSION = YES_AGGRESSIVE;
				CLANG_CXX_LANGUAGE_STANDARD = "gnu++17";
				CLANG_CXX_LIBRARY = "libc++";
				CLANG_ENABLE_MODULES = YES;
				CLANG_ENABLE_OBJC_ARC = YES;
				CLANG_ENABLE_OBJC_WEAK = YES;
				CLANG_WARN_BLOCK_CAPTURE_AUTORELEASING = YES;
				CLANG_WARN_BOOL_CONVERSION = YES;
				CLANG_WARN_COMMA = YES;
				CLANG_WARN_CONSTANT_CONVERSION = YES;
				CLANG_WARN_DEPRECATED_OBJC_IMPLEMENTATIONS = YES;
				CLANG_WARN_DIRECT_OBJC_ISA_USAGE = YES_ERROR;
				CLANG_WARN_DOCUMENTATION_COMMENTS = YES;
				CLANG_WARN_EMPTY_BODY = YES;
				CLANG_WARN_ENUM_CONVERSION = YES;
				CLANG_WARN_INFINITE_RECURSION = YES;
				CLANG_WARN_INT_CONVERSION = YES;
				CLANG_WARN_NON_LITERAL_NULL_CONVERSION = YES;
				CLANG_WARN_OBJC_IMPLICIT_RETAIN_SELF = YES;
				CLANG_WARN_OBJC_LITERAL_CONVERSION = YES;
				CLANG_WARN_OBJC_ROOT_CLASS = YES_ERROR;
				CLANG_WARN_QUOTED_INCLUDE_IN_FRAMEWORK_HEADER = YES;
				CLANG_WARN_RANGE_LOOP_ANALYSIS = YES;
				CLANG_WARN_STRICT_PROTOTYPES = YES;
				CLANG_WARN_SUSPICIOUS_MOVE = YES;
				CLANG_WARN_UNGUARDED_AVAILABILITY = YES_AGGRESSIVE;
				CLANG_WARN_UNREACHABLE_CODE = YES;
				CLANG_WARN__DUPLICATE_METHOD_MATCH = YES;
				COPY_PHASE_STRIP = NO;
				DEBUG_INFORMATION_FORMAT = "dwarf-with-dsym";
				ENABLE_NS_ASSERTIONS = NO;
				ENABLE_STRICT_OBJC_MSGSEND = YES;
				GCC_C_LANGUAGE_STANDARD = gnu11;
				GCC_NO_COMMON_BLOCKS = YES;
				GCC_WARN_64_TO_32_BIT_CONVERSION = YES;
				GCC_WARN_ABOUT_RETURN_TYPE = YES_ERROR;
				GCC_WARN_UNDECLARED_SELECTOR = YES;
				GCC_WARN_UNINITIALIZED_AUTOS = YES_AGGRESSIVE;
				GCC_WARN_UNUSED_FUNCTION = YES;
				GCC_WARN_UNUSED_VARIABLE = YES;
				IPHONEOS_DEPLOYMENT_TARGET = 15.2;
				MTL_ENABLE_DEBUG_INFO = NO;
				MTL_FAST_MATH = YES;
				SDKROOT = iphoneos;
				SWIFT_COMPILATION_MODE = wholemodule;
				SWIFT_OPTIMIZATION_LEVEL = "-O";
				VALIDATE_PRODUCT = YES;
			};
			name = Release;
		};
		D7995487284B4DEE00BE4D39 /* Debug */ = {
			isa = XCBuildConfiguration;
			buildSettings = {
				ASSETCATALOG_COMPILER_APPICON_NAME = AppIcon;
				ASSETCATALOG_COMPILER_GLOBAL_ACCENT_COLOR_NAME = AccentColor;
				CODE_SIGN_STYLE = Automatic;
				CURRENT_PROJECT_VERSION = 1;
				DEVELOPMENT_ASSET_PATHS = "\"Touchdown/Preview Content\"";
				DEVELOPMENT_TEAM = 472KCYDC2N;
				ENABLE_PREVIEWS = YES;
				GENERATE_INFOPLIST_FILE = YES;
				INFOPLIST_FILE = Touchdown/Info.plist;
				INFOPLIST_KEY_UIApplicationSceneManifest_Generation = YES;
				INFOPLIST_KEY_UIApplicationSupportsIndirectInputEvents = YES;
				INFOPLIST_KEY_UISupportedInterfaceOrientations = UIInterfaceOrientationPortrait;
				INFOPLIST_KEY_UISupportedInterfaceOrientations_iPad = "UIInterfaceOrientationPortrait UIInterfaceOrientationPortraitUpsideDown UIInterfaceOrientationLandscapeLeft UIInterfaceOrientationLandscapeRight";
				INFOPLIST_KEY_UISupportedInterfaceOrientations_iPhone = "UIInterfaceOrientationPortrait UIInterfaceOrientationLandscapeLeft UIInterfaceOrientationLandscapeRight";
				INFOPLIST_KEY_UIUserInterfaceStyle = Light;
				LD_RUNPATH_SEARCH_PATHS = (
					"$(inherited)",
					"@executable_path/Frameworks",
				);
				MARKETING_VERSION = 1.0;
				PRODUCT_BUNDLE_IDENTIFIER = com.tinonsoftware.Touchdown;
				PRODUCT_NAME = "$(TARGET_NAME)";
				SWIFT_EMIT_LOC_STRINGS = YES;
				SWIFT_VERSION = 5.0;
				TARGETED_DEVICE_FAMILY = "1,2";
			};
			name = Debug;
		};
		D7995488284B4DEE00BE4D39 /* Release */ = {
			isa = XCBuildConfiguration;
			buildSettings = {
				ASSETCATALOG_COMPILER_APPICON_NAME = AppIcon;
				ASSETCATALOG_COMPILER_GLOBAL_ACCENT_COLOR_NAME = AccentColor;
				CODE_SIGN_STYLE = Automatic;
				CURRENT_PROJECT_VERSION = 1;
				DEVELOPMENT_ASSET_PATHS = "\"Touchdown/Preview Content\"";
				DEVELOPMENT_TEAM = 472KCYDC2N;
				ENABLE_PREVIEWS = YES;
				GENERATE_INFOPLIST_FILE = YES;
				INFOPLIST_FILE = Touchdown/Info.plist;
				INFOPLIST_KEY_UIApplicationSceneManifest_Generation = YES;
				INFOPLIST_KEY_UIApplicationSupportsIndirectInputEvents = YES;
				INFOPLIST_KEY_UISupportedInterfaceOrientations = UIInterfaceOrientationPortrait;
				INFOPLIST_KEY_UISupportedInterfaceOrientations_iPad = "UIInterfaceOrientationPortrait UIInterfaceOrientationPortraitUpsideDown UIInterfaceOrientationLandscapeLeft UIInterfaceOrientationLandscapeRight";
				INFOPLIST_KEY_UISupportedInterfaceOrientations_iPhone = "UIInterfaceOrientationPortrait UIInterfaceOrientationLandscapeLeft UIInterfaceOrientationLandscapeRight";
				INFOPLIST_KEY_UIUserInterfaceStyle = Light;
				LD_RUNPATH_SEARCH_PATHS = (
					"$(inherited)",
					"@executable_path/Frameworks",
				);
				MARKETING_VERSION = 1.0;
				PRODUCT_BUNDLE_IDENTIFIER = com.tinonsoftware.Touchdown;
				PRODUCT_NAME = "$(TARGET_NAME)";
				SWIFT_EMIT_LOC_STRINGS = YES;
				SWIFT_VERSION = 5.0;
				TARGETED_DEVICE_FAMILY = "1,2";
			};
			name = Release;
		};
/* End XCBuildConfiguration section */

/* Begin XCConfigurationList section */
		D7995473284B4DEC00BE4D39 /* Build configuration list for PBXProject "Touchdown" */ = {
			isa = XCConfigurationList;
			buildConfigurations = (
				D7995484284B4DEE00BE4D39 /* Debug */,
				D7995485284B4DEE00BE4D39 /* Release */,
			);
			defaultConfigurationIsVisible = 0;
			defaultConfigurationName = Release;
		};
		D7995486284B4DEE00BE4D39 /* Build configuration list for PBXNativeTarget "Touchdown" */ = {
			isa = XCConfigurationList;
			buildConfigurations = (
				D7995487284B4DEE00BE4D39 /* Debug */,
				D7995488284B4DEE00BE4D39 /* Release */,
			);
			defaultConfigurationIsVisible = 0;
			defaultConfigurationName = Release;
		};
/* End XCConfigurationList section */
	};
	rootObject = D7995470284B4DEC00BE4D39 /* Project object */;
}
